
Microsoft Visual Studio Solution File, Format Version 12.00
# Visual Studio Version 17
VisualStudioVersion = 17.4.33122.133
MinimumVisualStudioVersion = 10.0.40219.1
Project("{FAE04EC0-301F-11D3-BF4B-00C04F79EFBC}") = "SistemaIA", "SistemaIA\SistemaIA.csproj", "{30F51EDB-340F-4B06-BA30-4AEF22DE57E6}"
EndProject
Project("{FAE04EC0-301F-11D3-BF4B-00C04F79EFBC}") = "CapaDatos", "CapaDatos\CapaDatos.csproj", "{A36ECF6A-900D-4CDD-AA0D-143362601B6D}"
EndProject
Project("{FAE04EC0-301F-11D3-BF4B-00C04F79EFBC}") = "CapaNegocio", "CapaNegocio\CapaNegocio.csproj", "{DF7EF7DD-7FAF-4317-9832-980081646DFA}"
EndProject
Global
	GlobalSection(SolutionConfigurationPlatforms) = preSolution
		Debug|Any CPU = Debug|Any CPU
		Release|Any CPU = Release|Any CPU
	EndGlobalSection
	GlobalSection(ProjectConfigurationPlatforms) = postSolution
		{30F51EDB-340F-4B06-BA30-4AEF22DE57E6}.Debug|Any CPU.ActiveCfg = Debug|Any CPU
		{30F51EDB-340F-4B06-BA30-4AEF22DE57E6}.Debug|Any CPU.Build.0 = Debug|Any CPU
		{30F51EDB-340F-4B06-BA30-4AEF22DE57E6}.Release|Any CPU.ActiveCfg = Release|Any CPU
		{30F51EDB-340F-4B06-BA30-4AEF22DE57E6}.Release|Any CPU.Build.0 = Release|Any CPU
		{A36ECF6A-900D-4CDD-AA0D-143362601B6D}.Debug|Any CPU.ActiveCfg = Debug|Any CPU
		{A36ECF6A-900D-4CDD-AA0D-143362601B6D}.Debug|Any CPU.Build.0 = Debug|Any CPU
		{A36ECF6A-900D-4CDD-AA0D-143362601B6D}.Release|Any CPU.ActiveCfg = Release|Any CPU
		{A36ECF6A-900D-4CDD-AA0D-143362601B6D}.Release|Any CPU.Build.0 = Release|Any CPU
		{DF7EF7DD-7FAF-4317-9832-980081646DFA}.Debug|Any CPU.ActiveCfg = Debug|Any CPU
		{DF7EF7DD-7FAF-4317-9832-980081646DFA}.Debug|Any CPU.Build.0 = Debug|Any CPU
		{DF7EF7DD-7FAF-4317-9832-980081646DFA}.Release|Any CPU.ActiveCfg = Release|Any CPU
		{DF7EF7DD-7FAF-4317-9832-980081646DFA}.Release|Any CPU.Build.0 = Release|Any CPU
	EndGlobalSection
	GlobalSection(SolutionProperties) = preSolution
		HideSolutionNode = FALSE
	EndGlobalSection
	GlobalSection(ExtensibilityGlobals) = postSolution
		SolutionGuid = {72F28893-65E9-448F-A6F8-034B1166DFE8}
	EndGlobalSection
EndGlobal
