
Microsoft Visual Studio Solution File, Format Version 12.00
# Visual Studio Version 17
VisualStudioVersion = 17.4.33122.133
MinimumVisualStudioVersion = 10.0.40219.1
Project("{FAE04EC0-301F-11D3-BF4B-00C04F79EFBC}") = "SystemIA.Entity", "SystemIA.Entity\SystemIA.Entity.csproj", "{315953FD-E58B-408D-B9D0-5F467E1727BE}"
EndProject
Project("{FAE04EC0-301F-11D3-BF4B-00C04F79EFBC}") = "SystemIA.DAL", "SystemIA.DAL\SystemIA.DAL.csproj", "{7CF94F22-F426-41D8-BC18-6002CB7D64D8}"
EndProject
Project("{FAE04EC0-301F-11D3-BF4B-00C04F79EFBC}") = "SystemIA.BLL", "SystemIA.BLL\SystemIA.BLL.csproj", "{1FF916C4-0A65-4C6B-BB71-F96D50C06CF7}"
EndProject
Project("{FAE04EC0-301F-11D3-BF4B-00C04F79EFBC}") = "SystemIA.IOC", "SystemIA.IOC\SystemIA.IOC.csproj", "{663F956A-5FC1-4DDC-B1AD-77420169EF33}"
EndProject
Project("{FAE04EC0-301F-11D3-BF4B-00C04F79EFBC}") = "SystemIA.WebAplication", "SystemIA.WebAplication\SystemIA.WebAplication.csproj", "{3102F931-8436-44EA-AB59-A8BDB21D2319}"
EndProject
Global
	GlobalSection(SolutionConfigurationPlatforms) = preSolution
		Debug|Any CPU = Debug|Any CPU
		Release|Any CPU = Release|Any CPU
	EndGlobalSection
	GlobalSection(ProjectConfigurationPlatforms) = postSolution
		{315953FD-E58B-408D-B9D0-5F467E1727BE}.Debug|Any CPU.ActiveCfg = Debug|Any CPU
		{315953FD-E58B-408D-B9D0-5F467E1727BE}.Debug|Any CPU.Build.0 = Debug|Any CPU
		{315953FD-E58B-408D-B9D0-5F467E1727BE}.Release|Any CPU.ActiveCfg = Release|Any CPU
		{315953FD-E58B-408D-B9D0-5F467E1727BE}.Release|Any CPU.Build.0 = Release|Any CPU
		{7CF94F22-F426-41D8-BC18-6002CB7D64D8}.Debug|Any CPU.ActiveCfg = Debug|Any CPU
		{7CF94F22-F426-41D8-BC18-6002CB7D64D8}.Debug|Any CPU.Build.0 = Debug|Any CPU
		{7CF94F22-F426-41D8-BC18-6002CB7D64D8}.Release|Any CPU.ActiveCfg = Release|Any CPU
		{7CF94F22-F426-41D8-BC18-6002CB7D64D8}.Release|Any CPU.Build.0 = Release|Any CPU
		{1FF916C4-0A65-4C6B-BB71-F96D50C06CF7}.Debug|Any CPU.ActiveCfg = Debug|Any CPU
		{1FF916C4-0A65-4C6B-BB71-F96D50C06CF7}.Debug|Any CPU.Build.0 = Debug|Any CPU
		{1FF916C4-0A65-4C6B-BB71-F96D50C06CF7}.Release|Any CPU.ActiveCfg = Release|Any CPU
		{1FF916C4-0A65-4C6B-BB71-F96D50C06CF7}.Release|Any CPU.Build.0 = Release|Any CPU
		{663F956A-5FC1-4DDC-B1AD-77420169EF33}.Debug|Any CPU.ActiveCfg = Debug|Any CPU
		{663F956A-5FC1-4DDC-B1AD-77420169EF33}.Debug|Any CPU.Build.0 = Debug|Any CPU
		{663F956A-5FC1-4DDC-B1AD-77420169EF33}.Release|Any CPU.ActiveCfg = Release|Any CPU
		{663F956A-5FC1-4DDC-B1AD-77420169EF33}.Release|Any CPU.Build.0 = Release|Any CPU
		{3102F931-8436-44EA-AB59-A8BDB21D2319}.Debug|Any CPU.ActiveCfg = Debug|Any CPU
		{3102F931-8436-44EA-AB59-A8BDB21D2319}.Debug|Any CPU.Build.0 = Debug|Any CPU
		{3102F931-8436-44EA-AB59-A8BDB21D2319}.Release|Any CPU.ActiveCfg = Release|Any CPU
		{3102F931-8436-44EA-AB59-A8BDB21D2319}.Release|Any CPU.Build.0 = Release|Any CPU
	EndGlobalSection
	GlobalSection(SolutionProperties) = preSolution
		HideSolutionNode = FALSE
	EndGlobalSection
	GlobalSection(ExtensibilityGlobals) = postSolution
		SolutionGuid = {66227BD6-E7F4-4BA8-9635-9CDE179C977F}
	EndGlobalSection
EndGlobal
