
Microsoft Visual Studio Solution File, Format Version 12.00
# Visual Studio Version 17
VisualStudioVersion = 17.4.33122.133
MinimumVisualStudioVersion = 10.0.40219.1
Project("{9A19103F-16F7-4668-BE54-9A1E7A4F7556}") = "WebSistemIA", "WebSistemIA\WebSistemIA.csproj", "{5B23C267-E50B-41B7-A33C-9778EB75784D}"
EndProject
Global
	GlobalSection(SolutionConfigurationPlatforms) = preSolution
		Debug|Any CPU = Debug|Any CPU
		Release|Any CPU = Release|Any CPU
	EndGlobalSection
	GlobalSection(ProjectConfigurationPlatforms) = postSolution
		{5B23C267-E50B-41B7-A33C-9778EB75784D}.Debug|Any CPU.ActiveCfg = Debug|Any CPU
		{5B23C267-E50B-41B7-A33C-9778EB75784D}.Debug|Any CPU.Build.0 = Debug|Any CPU
		{5B23C267-E50B-41B7-A33C-9778EB75784D}.Release|Any CPU.ActiveCfg = Release|Any CPU
		{5B23C267-E50B-41B7-A33C-9778EB75784D}.Release|Any CPU.Build.0 = Release|Any CPU
	EndGlobalSection
	GlobalSection(SolutionProperties) = preSolution
		HideSolutionNode = FALSE
	EndGlobalSection
	GlobalSection(ExtensibilityGlobals) = postSolution
		SolutionGuid = {2F00A938-02CE-455A-9DAD-0B8DD44633D1}
	EndGlobalSection
EndGlobal
